
Microsoft Visual Studio Solution File, Format Version 12.00
# Visual Studio Version 17
VisualStudioVersion = 17.11.35222.181
MinimumVisualStudioVersion = 10.0.40219.1
Project("{FAE04EC0-301F-11D3-BF4B-00C04F79EFBC}") = "SensiveProject.EntityLayer", "SensiveProject.EntityLayer\SensiveProject.EntityLayer.csproj", "{C216A934-FB3F-42B9-8D63-BBFF18F3B220}"
EndProject
Project("{FAE04EC0-301F-11D3-BF4B-00C04F79EFBC}") = "SensiveProject.DataAccess", "SensiveProject.DataAccess\SensiveProject.DataAccess.csproj", "{3C6F9660-0E4D-4ABC-A1D8-BF50C1EDB8D6}"
EndProject
Project("{FAE04EC0-301F-11D3-BF4B-00C04F79EFBC}") = "SensiveProject.BusinessLayer", "SensiveProject.BussinessLayer\SensiveProject.BusinessLayer.csproj", "{245A1088-C610-4D83-B440-C7C1CCCFB49F}"
EndProject
Project("{FAE04EC0-301F-11D3-BF4B-00C04F79EFBC}") = "SensiveProject.PrensentationLayer", "SensiveProject.PrensentationLayer\SensiveProject.PrensentationLayer.csproj", "{4DB7A4F0-C812-4BC1-B1B6-6C8155E0BEC1}"
EndProject
Global
	GlobalSection(SolutionConfigurationPlatforms) = preSolution
		Debug|Any CPU = Debug|Any CPU
		Release|Any CPU = Release|Any CPU
	EndGlobalSection
	GlobalSection(ProjectConfigurationPlatforms) = postSolution
		{C216A934-FB3F-42B9-8D63-BBFF18F3B220}.Debug|Any CPU.ActiveCfg = Debug|Any CPU
		{C216A934-FB3F-42B9-8D63-BBFF18F3B220}.Debug|Any CPU.Build.0 = Debug|Any CPU
		{C216A934-FB3F-42B9-8D63-BBFF18F3B220}.Release|Any CPU.ActiveCfg = Release|Any CPU
		{C216A934-FB3F-42B9-8D63-BBFF18F3B220}.Release|Any CPU.Build.0 = Release|Any CPU
		{3C6F9660-0E4D-4ABC-A1D8-BF50C1EDB8D6}.Debug|Any CPU.ActiveCfg = Debug|Any CPU
		{3C6F9660-0E4D-4ABC-A1D8-BF50C1EDB8D6}.Debug|Any CPU.Build.0 = Debug|Any CPU
		{3C6F9660-0E4D-4ABC-A1D8-BF50C1EDB8D6}.Release|Any CPU.ActiveCfg = Release|Any CPU
		{3C6F9660-0E4D-4ABC-A1D8-BF50C1EDB8D6}.Release|Any CPU.Build.0 = Release|Any CPU
		{245A1088-C610-4D83-B440-C7C1CCCFB49F}.Debug|Any CPU.ActiveCfg = Debug|Any CPU
		{245A1088-C610-4D83-B440-C7C1CCCFB49F}.Debug|Any CPU.Build.0 = Debug|Any CPU
		{245A1088-C610-4D83-B440-C7C1CCCFB49F}.Release|Any CPU.ActiveCfg = Release|Any CPU
		{245A1088-C610-4D83-B440-C7C1CCCFB49F}.Release|Any CPU.Build.0 = Release|Any CPU
		{4DB7A4F0-C812-4BC1-B1B6-6C8155E0BEC1}.Debug|Any CPU.ActiveCfg = Debug|Any CPU
		{4DB7A4F0-C812-4BC1-B1B6-6C8155E0BEC1}.Debug|Any CPU.Build.0 = Debug|Any CPU
		{4DB7A4F0-C812-4BC1-B1B6-6C8155E0BEC1}.Release|Any CPU.ActiveCfg = Release|Any CPU
		{4DB7A4F0-C812-4BC1-B1B6-6C8155E0BEC1}.Release|Any CPU.Build.0 = Release|Any CPU
	EndGlobalSection
	GlobalSection(SolutionProperties) = preSolution
		HideSolutionNode = FALSE
	EndGlobalSection
	GlobalSection(ExtensibilityGlobals) = postSolution
		SolutionGuid = {4038251E-1CD2-4E58-9B48-B699449D3E77}
	EndGlobalSection
EndGlobal
